PODS:
  - BoringSSL (10.0.6):
    - BoringSSL/Implementation (= 10.0.6)
    - BoringSSL/Interface (= 10.0.6)
  - BoringSSL/Implementation (10.0.6):
    - BoringSSL/Interface (= 10.0.6)
  - BoringSSL/Interface (10.0.6)
  - gRPC-Core (1.12.0):
    - gRPC-Core/Implementation (= 1.12.0)
    - gRPC-Core/Interface (= 1.12.0)
  - gRPC-Core/Implementation (1.12.0):
    - BoringSSL (~> 10.0)
    - gRPC-Core/Interface (= 1.12.0)
    - nanopb (~> 0.3)
  - gRPC-Core/Interface (1.12.0)
  - nanopb (0.3.901):
    - nanopb/decode (= 0.3.901)
    - nanopb/encode (= 0.3.901)
  - nanopb/decode (0.3.901)
  - nanopb/encode (0.3.901)
  - NVActivityIndicatorView (4.6.1):
    - NVActivityIndicatorView/Presenter (= 4.6.1)
  - NVActivityIndicatorView/Presenter (4.6.1)
  - SCLAlertView (0.8)
  - Socket.IO-Client-Swift (14.0.0):
    - Starscream (~> 3.0.6)
  - Starscream (3.0.6)
  - SwiftGRPC (0.7.0):
    - BoringSSL (~> 10.0)
    - gRPC-Core (~> 1.12.0)
    - SwiftProtobuf (~> 1.1.1)
  - SwiftProtobuf (1.1.2)

DEPENDENCIES:
  - NVActivityIndicatorView
  - SCLAlertView
  - Socket.IO-Client-Swift (~> 14.0.0)
  - SwiftGRPC

SPEC REPOS:
  https://github.com/cocoapods/specs.git:
    - BoringSSL
    - gRPC-Core
    - nanopb
    - NVActivityIndicatorView
    - SCLAlertView
    - Socket.IO-Client-Swift
    - Starscream
    - SwiftGRPC
    - SwiftProtobuf

SPEC CHECKSUMS:
  BoringSSL: e10f92a27043805c01071fe815a5cd98ae8212e7
  gRPC-Core: 9696b220565b283e021cf2722d473a4a74b7622a
  nanopb: 2901f78ea1b7b4015c860c2fdd1ea2fee1a18d48
  NVActivityIndicatorView: 4ca19fccc84595a78957336a086d00a49be6ce61
  SCLAlertView: 6a77bb2edfc65e04dbe57725546cb4107a506b85
  Socket.IO-Client-Swift: 21e6a8a23a7d367d5ddfab6cbbd3c679cf3c25d6
  Starscream: ef3ece99d765eeccb67de105bfa143f929026cf5
  SwiftGRPC: f9dcbc329b17c1cf20216ab0e24208189f880412
  SwiftProtobuf: 7147b8ec19c8c0694a45155d989ea9e6dedaf51f

PODFILE CHECKSUM: 812eeed5d569fa5e7b23d9e6b6e52522600c16d8

COCOAPODS: 1.5.3
